
Microsoft Visual Studio Solution File, Format Version 12.00
# Visual Studio 15
VisualStudioVersion = 15.0.28010.2050
MinimumVisualStudioVersion = 10.0.40219.1
Project("{FAE04EC0-301F-11D3-BF4B-00C04F79EFBC}") = "TTESlution", "TTESlution\TTESlution.csproj", "{BB9B6E30-37BC-439D-B3D8-19A8E1EC91C3}"
EndProject
Global
	GlobalSection(SolutionConfigurationPlatforms) = preSolution
		Debug|Any CPU = Debug|Any CPU
		Release|Any CPU = Release|Any CPU
	EndGlobalSection
	GlobalSection(ProjectConfigurationPlatforms) = postSolution
		{BB9B6E30-37BC-439D-B3D8-19A8E1EC91C3}.Debug|Any CPU.ActiveCfg = Debug|Any CPU
		{BB9B6E30-37BC-439D-B3D8-19A8E1EC91C3}.Debug|Any CPU.Build.0 = Debug|Any CPU
		{BB9B6E30-37BC-439D-B3D8-19A8E1EC91C3}.Release|Any CPU.ActiveCfg = Release|Any CPU
		{BB9B6E30-37BC-439D-B3D8-19A8E1EC91C3}.Release|Any CPU.Build.0 = Release|Any CPU
	EndGlobalSection
	GlobalSection(SolutionProperties) = preSolution
		HideSolutionNode = FALSE
	EndGlobalSection
	GlobalSection(ExtensibilityGlobals) = postSolution
		SolutionGuid = {19DFDB52-4EB6-4E86-81E1-EF952DC6C78A}
	EndGlobalSection
EndGlobal
